
Microsoft Visual Studio Solution File, Format Version 12.00
# Visual Studio Version 17
VisualStudioVersion = 17.12.35209.166
MinimumVisualStudioVersion = 10.0.40219.1
Project("{FAE04EC0-301F-11D3-BF4B-00C04F79EFBC}") = "SunuerManageEn", "SunuerManageEn.csproj", "{1224324E-D120-47DA-81D4-5DEC4ECEBE04}"
EndProject
Global
	GlobalSection(SolutionConfigurationPlatforms) = preSolution
		Debug|Any CPU = Debug|Any CPU
		Release|Any CPU = Release|Any CPU
	EndGlobalSection
	GlobalSection(ProjectConfigurationPlatforms) = postSolution
		{1224324E-D120-47DA-81D4-5DEC4ECEBE04}.Debug|Any CPU.ActiveCfg = Debug|Any CPU
		{1224324E-D120-47DA-81D4-5DEC4ECEBE04}.Debug|Any CPU.Build.0 = Debug|Any CPU
		{1224324E-D120-47DA-81D4-5DEC4ECEBE04}.Release|Any CPU.ActiveCfg = Release|Any CPU
		{1224324E-D120-47DA-81D4-5DEC4ECEBE04}.Release|Any CPU.Build.0 = Release|Any CPU
	EndGlobalSection
	GlobalSection(SolutionProperties) = preSolution
		HideSolutionNode = FALSE
	EndGlobalSection
	GlobalSection(ExtensibilityGlobals) = postSolution
		SolutionGuid = {CBC01740-64C9-43DE-9011-C2589E0E86C0}
	EndGlobalSection
EndGlobal
